
Microsoft Visual Studio Solution File, Format Version 12.00
# Visual Studio 2013
VisualStudioVersion = 12.0.21005.1
MinimumVisualStudioVersion = 10.0.40219.1
Project("{8BC9CEB8-8B4A-11D0-8D11-00A0C91BC942}") = "CPU", "CPU\CPU.vcxproj", "{9C3738FC-3CCD-4F28-ACB3-BDB310F2C523}"
EndProject
Project("{8BC9CEB8-8B4A-11D0-8D11-00A0C91BC942}") = "Parser", "Parser\Parser.vcxproj", "{CF29041C-7B18-4A25-B28C-2660CAFD81F6}"
EndProject
Project("{8BC9CEB8-8B4A-11D0-8D11-00A0C91BC942}") = "Asm", "Asm\Asm.vcxproj", "{02E49534-A118-4FF8-8114-F3F5FA873223}"
EndProject
Global
	GlobalSection(SolutionConfigurationPlatforms) = preSolution
		Debug|Any CPU = Debug|Any CPU
		Debug|Mixed Platforms = Debug|Mixed Platforms
		Debug|Win32 = Debug|Win32
		Release|Any CPU = Release|Any CPU
		Release|Mixed Platforms = Release|Mixed Platforms
		Release|Win32 = Release|Win32
	EndGlobalSection
	GlobalSection(ProjectConfigurationPlatforms) = postSolution
		{9C3738FC-3CCD-4F28-ACB3-BDB310F2C523}.Debug|Any CPU.ActiveCfg = Debug|Win32
		{9C3738FC-3CCD-4F28-ACB3-BDB310F2C523}.Debug|Mixed Platforms.ActiveCfg = Debug|Win32
		{9C3738FC-3CCD-4F28-ACB3-BDB310F2C523}.Debug|Mixed Platforms.Build.0 = Debug|Win32
		{9C3738FC-3CCD-4F28-ACB3-BDB310F2C523}.Debug|Win32.ActiveCfg = Debug|Win32
		{9C3738FC-3CCD-4F28-ACB3-BDB310F2C523}.Debug|Win32.Build.0 = Debug|Win32
		{9C3738FC-3CCD-4F28-ACB3-BDB310F2C523}.Release|Any CPU.ActiveCfg = Release|Win32
		{9C3738FC-3CCD-4F28-ACB3-BDB310F2C523}.Release|Mixed Platforms.ActiveCfg = Release|Win32
		{9C3738FC-3CCD-4F28-ACB3-BDB310F2C523}.Release|Mixed Platforms.Build.0 = Release|Win32
		{9C3738FC-3CCD-4F28-ACB3-BDB310F2C523}.Release|Win32.ActiveCfg = Release|Win32
		{9C3738FC-3CCD-4F28-ACB3-BDB310F2C523}.Release|Win32.Build.0 = Release|Win32
		{CF29041C-7B18-4A25-B28C-2660CAFD81F6}.Debug|Any CPU.ActiveCfg = Debug|Win32
		{CF29041C-7B18-4A25-B28C-2660CAFD81F6}.Debug|Mixed Platforms.ActiveCfg = Debug|Win32
		{CF29041C-7B18-4A25-B28C-2660CAFD81F6}.Debug|Mixed Platforms.Build.0 = Debug|Win32
		{CF29041C-7B18-4A25-B28C-2660CAFD81F6}.Debug|Win32.ActiveCfg = Debug|Win32
		{CF29041C-7B18-4A25-B28C-2660CAFD81F6}.Debug|Win32.Build.0 = Debug|Win32
		{CF29041C-7B18-4A25-B28C-2660CAFD81F6}.Release|Any CPU.ActiveCfg = Release|Win32
		{CF29041C-7B18-4A25-B28C-2660CAFD81F6}.Release|Mixed Platforms.ActiveCfg = Release|Win32
		{CF29041C-7B18-4A25-B28C-2660CAFD81F6}.Release|Mixed Platforms.Build.0 = Release|Win32
		{CF29041C-7B18-4A25-B28C-2660CAFD81F6}.Release|Win32.ActiveCfg = Release|Win32
		{CF29041C-7B18-4A25-B28C-2660CAFD81F6}.Release|Win32.Build.0 = Release|Win32
		{02E49534-A118-4FF8-8114-F3F5FA873223}.Debug|Any CPU.ActiveCfg = Debug|Win32
		{02E49534-A118-4FF8-8114-F3F5FA873223}.Debug|Mixed Platforms.ActiveCfg = Debug|Win32
		{02E49534-A118-4FF8-8114-F3F5FA873223}.Debug|Mixed Platforms.Build.0 = Debug|Win32
		{02E49534-A118-4FF8-8114-F3F5FA873223}.Debug|Win32.ActiveCfg = Debug|Win32
		{02E49534-A118-4FF8-8114-F3F5FA873223}.Debug|Win32.Build.0 = Debug|Win32
		{02E49534-A118-4FF8-8114-F3F5FA873223}.Release|Any CPU.ActiveCfg = Release|Win32
		{02E49534-A118-4FF8-8114-F3F5FA873223}.Release|Mixed Platforms.ActiveCfg = Release|Win32
		{02E49534-A118-4FF8-8114-F3F5FA873223}.Release|Mixed Platforms.Build.0 = Release|Win32
		{02E49534-A118-4FF8-8114-F3F5FA873223}.Release|Win32.ActiveCfg = Release|Win32
		{02E49534-A118-4FF8-8114-F3F5FA873223}.Release|Win32.Build.0 = Release|Win32
	EndGlobalSection
	GlobalSection(SolutionProperties) = preSolution
		HideSolutionNode = FALSE
	EndGlobalSection
EndGlobal
